{
  "name": "infrastructure",
  "version": "1.0.0",
  "lockfileVersion": 2,
  "requires": true,
  "packages": {
    "": {
      "version": "1.0.0",
      "license": "MPL-2.0",
      "dependencies": {
        "@cdktf/provider-aws": "^1.0.72",
        "@cdktf/provider-google": "^0.1.4",
        "cdktf": "^0.3.0",
        "constructs": "^3.3.75"
      },
      "devDependencies": {
        "@types/node": "^15.0.3",
        "typescript": "^4.2.4"
      },
      "engines": {
        "node": ">=10.12"
      }
    },
    "node_modules/@cdktf/provider-aws": {
      "version": "1.0.72",
      "resolved": "https://registry.npmjs.org/@cdktf/provider-aws/-/provider-aws-1.0.72.tgz",
      "integrity": "sha512-B5jQz0r7Ry8uvUqB+7Z8YXMtBOIMuh6ZPvLnBphiGLIULoKXmzmcj0aYLqzU+H7bpsXEpxlscMEdJCam2cUpJQ==",
      "engines": {
        "node": ">= 10.17.0"
      },
      "peerDependencies": {
        "cdktf": "^0.3",
        "constructs": "^3.0.4"
      }
    },
    "node_modules/@cdktf/provider-google": {
      "version": "0.1.4",
      "resolved": "https://registry.npmjs.org/@cdktf/provider-google/-/provider-google-0.1.4.tgz",
      "integrity": "sha512-PS2A8exKMoTcLU03iy6XX3++UDyB+njLeDiotqfzREkl5bBU/TedlVYoF/89b141RVGlQibtT2HkYey3X22R7A==",
      "engines": {
        "node": ">= 10.17.0"
      },
      "peerDependencies": {
        "cdktf": "^0.3",
        "constructs": "^3.0.4"
      }
    },
    "node_modules/@types/node": {
      "version": "15.0.3",
      "resolved": "https://registry.npmjs.org/@types/node/-/node-15.0.3.tgz",
      "integrity": "sha512-/WbxFeBU+0F79z9RdEOXH4CsDga+ibi5M8uEYr91u3CkT/pdWcV8MCook+4wDPnZBexRdwWS+PiVZ2xJviAzcQ==",
      "dev": true
    },
    "node_modules/cdktf": {
      "version": "0.3.0",
      "resolved": "https://registry.npmjs.org/cdktf/-/cdktf-0.3.0.tgz",
      "integrity": "sha512-+Nk6eKVMjcnIlu5KPZ02vo2VuD1B+wFydGS00BvvpwDjymhNnMTc5ADjPtGhwpi067i30j/HCFRHDKG04dgVbg==",
      "bundleDependencies": [
        "json-stable-stringify",
        "jsonify"
      ],
      "dependencies": {
        "json-stable-stringify": "^1.0.1"
      },
      "peerDependencies": {
        "constructs": "^3.0.0"
      }
    },
    "node_modules/cdktf/node_modules/json-stable-stringify": {
      "version": "1.0.1",
      "inBundle": true,
      "license": "MIT",
      "dependencies": {
        "jsonify": "~0.0.0"
      }
    },
    "node_modules/cdktf/node_modules/jsonify": {
      "version": "0.0.0",
      "inBundle": true,
      "license": "Public Domain"
    },
    "node_modules/constructs": {
      "version": "3.3.75",
      "resolved": "https://registry.npmjs.org/constructs/-/constructs-3.3.75.tgz",
      "integrity": "sha512-q10foASSSfDWmS99OQLfnWDXCzqLvoORISAVWPFg0AmIGlBv2ZdDOtXxLqrJARPxVlOldmW2JzWzdRI+4+0/ZA==",
      "engines": {
        "node": ">= 10.17.0"
      }
    },
    "node_modules/typescript": {
      "version": "4.2.4",
      "resolved": "https://registry.npmjs.org/typescript/-/typescript-4.2.4.tgz",
      "integrity": "sha512-V+evlYHZnQkaz8TRBuxTA92yZBPotr5H+WhQ7bD3hZUndx5tGOa1fuCgeSjxAzM1RiN5IzvadIXTVefuuwZCRg==",
      "dev": true,
      "bin": {
        "tsc": "bin/tsc",
        "tsserver": "bin/tsserver"
      },
      "engines": {
        "node": ">=4.2.0"
      }
    }
  },
  "dependencies": {
    "@cdktf/provider-aws": {
      "version": "1.0.72",
      "resolved": "https://registry.npmjs.org/@cdktf/provider-aws/-/provider-aws-1.0.72.tgz",
      "integrity": "sha512-B5jQz0r7Ry8uvUqB+7Z8YXMtBOIMuh6ZPvLnBphiGLIULoKXmzmcj0aYLqzU+H7bpsXEpxlscMEdJCam2cUpJQ==",
      "requires": {}
    },
    "@cdktf/provider-google": {
      "version": "0.1.4",
      "resolved": "https://registry.npmjs.org/@cdktf/provider-google/-/provider-google-0.1.4.tgz",
      "integrity": "sha512-PS2A8exKMoTcLU03iy6XX3++UDyB+njLeDiotqfzREkl5bBU/TedlVYoF/89b141RVGlQibtT2HkYey3X22R7A==",
      "requires": {}
    },
    "@types/node": {
      "version": "15.0.3",
      "resolved": "https://registry.npmjs.org/@types/node/-/node-15.0.3.tgz",
      "integrity": "sha512-/WbxFeBU+0F79z9RdEOXH4CsDga+ibi5M8uEYr91u3CkT/pdWcV8MCook+4wDPnZBexRdwWS+PiVZ2xJviAzcQ==",
      "dev": true
    },
    "cdktf": {
      "version": "0.3.0",
      "resolved": "https://registry.npmjs.org/cdktf/-/cdktf-0.3.0.tgz",
      "integrity": "sha512-+Nk6eKVMjcnIlu5KPZ02vo2VuD1B+wFydGS00BvvpwDjymhNnMTc5ADjPtGhwpi067i30j/HCFRHDKG04dgVbg==",
      "requires": {
        "json-stable-stringify": "^1.0.1"
      },
      "dependencies": {
        "json-stable-stringify": {
          "version": "1.0.1",
          "bundled": true,
          "requires": {
            "jsonify": "~0.0.0"
          }
        },
        "jsonify": {
          "version": "0.0.0",
          "bundled": true
        }
      }
    },
    "constructs": {
      "version": "3.3.75",
      "resolved": "https://registry.npmjs.org/constructs/-/constructs-3.3.75.tgz",
      "integrity": "sha512-q10foASSSfDWmS99OQLfnWDXCzqLvoORISAVWPFg0AmIGlBv2ZdDOtXxLqrJARPxVlOldmW2JzWzdRI+4+0/ZA=="
    },
    "typescript": {
      "version": "4.2.4",
      "resolved": "https://registry.npmjs.org/typescript/-/typescript-4.2.4.tgz",
      "integrity": "sha512-V+evlYHZnQkaz8TRBuxTA92yZBPotr5H+WhQ7bD3hZUndx5tGOa1fuCgeSjxAzM1RiN5IzvadIXTVefuuwZCRg==",
      "dev": true
    }
  }
}
